
Microsoft Visual Studio Solution File, Format Version 12.00
# Visual Studio Express 2012 for Windows Desktop
Project("{FAE04EC0-301F-11D3-BF4B-00C04F79EFBC}") = "Rozveselovac", "Rozveselovac\Rozveselovac.csproj", "{6FBAB4D8-E569-4012-BBA0-8BED6D57A31B}"
EndProject
Global
	GlobalSection(SolutionConfigurationPlatforms) = preSolution
		Debug|Any CPU = Debug|Any CPU
		Release|Any CPU = Release|Any CPU
	EndGlobalSection
	GlobalSection(ProjectConfigurationPlatforms) = postSolution
		{6FBAB4D8-E569-4012-BBA0-8BED6D57A31B}.Debug|Any CPU.ActiveCfg = Debug|Any CPU
		{6FBAB4D8-E569-4012-BBA0-8BED6D57A31B}.Debug|Any CPU.Build.0 = Debug|Any CPU
		{6FBAB4D8-E569-4012-BBA0-8BED6D57A31B}.Release|Any CPU.ActiveCfg = Release|Any CPU
		{6FBAB4D8-E569-4012-BBA0-8BED6D57A31B}.Release|Any CPU.Build.0 = Release|Any CPU
	EndGlobalSection
	GlobalSection(SolutionProperties) = preSolution
		HideSolutionNode = FALSE
	EndGlobalSection
EndGlobal
